
Microsoft Visual Studio Solution File, Format Version 12.00
# Visual Studio Version 17
VisualStudioVersion = 17.5.33516.290
MinimumVisualStudioVersion = 10.0.40219.1
Project("{FAE04EC0-301F-11D3-BF4B-00C04F79EFBC}") = "Multitrading _from_array", "Multitrading _from_array\Multitrading _from_array.csproj", "{716F5C1A-C607-43FB-A86F-20F4FD2947DC}"
EndProject
Global
	GlobalSection(SolutionConfigurationPlatforms) = preSolution
		Debug|Any CPU = Debug|Any CPU
		Release|Any CPU = Release|Any CPU
	EndGlobalSection
	GlobalSection(ProjectConfigurationPlatforms) = postSolution
		{716F5C1A-C607-43FB-A86F-20F4FD2947DC}.Debug|Any CPU.ActiveCfg = Debug|Any CPU
		{716F5C1A-C607-43FB-A86F-20F4FD2947DC}.Debug|Any CPU.Build.0 = Debug|Any CPU
		{716F5C1A-C607-43FB-A86F-20F4FD2947DC}.Release|Any CPU.ActiveCfg = Release|Any CPU
		{716F5C1A-C607-43FB-A86F-20F4FD2947DC}.Release|Any CPU.Build.0 = Release|Any CPU
	EndGlobalSection
	GlobalSection(SolutionProperties) = preSolution
		HideSolutionNode = FALSE
	EndGlobalSection
	GlobalSection(ExtensibilityGlobals) = postSolution
		SolutionGuid = {5F113335-AE7D-42EB-B181-A7B9153972C5}
	EndGlobalSection
EndGlobal
